
Microsoft Visual Studio Solution File, Format Version 12.00
# Visual Studio Version 17
VisualStudioVersion = 17.5.33530.505
MinimumVisualStudioVersion = 10.0.40219.1
Project("{FAE04EC0-301F-11D3-BF4B-00C04F79EFBC}") = "BattleTowerDS", "BattleTowerDS\BattleTowerDS.csproj", "{1815AB06-3256-406E-8A8B-1BFFFF443BA7}"
EndProject
Project("{FAE04EC0-301F-11D3-BF4B-00C04F79EFBC}") = "BattleTowerDSDataLib", "BattleTowerDSDataLib\BattleTowerDSDataLib.csproj", "{1226EDC9-6DCC-493F-B9C5-57B44E7FF320}"
EndProject
Global
	GlobalSection(SolutionConfigurationPlatforms) = preSolution
		Debug|Any CPU = Debug|Any CPU
		Release|Any CPU = Release|Any CPU
	EndGlobalSection
	GlobalSection(ProjectConfigurationPlatforms) = postSolution
		{1815AB06-3256-406E-8A8B-1BFFFF443BA7}.Debug|Any CPU.ActiveCfg = Debug|Any CPU
		{1815AB06-3256-406E-8A8B-1BFFFF443BA7}.Debug|Any CPU.Build.0 = Debug|Any CPU
		{1815AB06-3256-406E-8A8B-1BFFFF443BA7}.Release|Any CPU.ActiveCfg = Release|Any CPU
		{1815AB06-3256-406E-8A8B-1BFFFF443BA7}.Release|Any CPU.Build.0 = Release|Any CPU
		{1226EDC9-6DCC-493F-B9C5-57B44E7FF320}.Debug|Any CPU.ActiveCfg = Debug|Any CPU
		{1226EDC9-6DCC-493F-B9C5-57B44E7FF320}.Debug|Any CPU.Build.0 = Debug|Any CPU
		{1226EDC9-6DCC-493F-B9C5-57B44E7FF320}.Release|Any CPU.ActiveCfg = Release|Any CPU
		{1226EDC9-6DCC-493F-B9C5-57B44E7FF320}.Release|Any CPU.Build.0 = Release|Any CPU
	EndGlobalSection
	GlobalSection(SolutionProperties) = preSolution
		HideSolutionNode = FALSE
	EndGlobalSection
	GlobalSection(ExtensibilityGlobals) = postSolution
		SolutionGuid = {895AABE0-4866-40F8-BFEE-5029B0FBE456}
	EndGlobalSection
EndGlobal
